
Microsoft Visual Studio Solution File, Format Version 12.00
# Visual Studio Version 17
VisualStudioVersion = 17.14.36518.9 d17.14
MinimumVisualStudioVersion = 10.0.40219.1
Project("{FAE04EC0-301F-11D3-BF4B-00C04F79EFBC}") = "Project g", "Project g\Project g.csproj", "{CA957B1C-44E4-488F-8B2B-4208BC976952}"
EndProject
Global
	GlobalSection(SolutionConfigurationPlatforms) = preSolution
		Debug|Any CPU = Debug|Any CPU
		Release|Any CPU = Release|Any CPU
	EndGlobalSection
	GlobalSection(ProjectConfigurationPlatforms) = postSolution
		{CA957B1C-44E4-488F-8B2B-4208BC976952}.Debug|Any CPU.ActiveCfg = Debug|Any CPU
		{CA957B1C-44E4-488F-8B2B-4208BC976952}.Debug|Any CPU.Build.0 = Debug|Any CPU
		{CA957B1C-44E4-488F-8B2B-4208BC976952}.Release|Any CPU.ActiveCfg = Release|Any CPU
		{CA957B1C-44E4-488F-8B2B-4208BC976952}.Release|Any CPU.Build.0 = Release|Any CPU
	EndGlobalSection
	GlobalSection(SolutionProperties) = preSolution
		HideSolutionNode = FALSE
	EndGlobalSection
	GlobalSection(ExtensibilityGlobals) = postSolution
		SolutionGuid = {DB97CC89-3AA9-428A-9DC4-962888B0DC73}
	EndGlobalSection
EndGlobal
